
Microsoft Visual Studio Solution File, Format Version 12.00
# Visual Studio Version 16
VisualStudioVersion = 16.0.30114.105
MinimumVisualStudioVersion = 10.0.40219.1
Project("{9A19103F-16F7-4668-BE54-9A1E7A4F7556}") = "R5T.D0116.A0001", "R5T.D0116.A0001\R5T.D0116.A0001.csproj", "{DA0FDBEB-75A0-4582-B2D0-AF471A882E63}"
EndProject
Project("{2150E333-8FDC-42A3-9474-1A3956D46DE8}") = "_Dependencies", "_Dependencies", "{FA4D3BF2-0359-408C-B8CB-6A6A3DCF0D6A}"
EndProject
Project("{9A19103F-16F7-4668-BE54-9A1E7A4F7556}") = "R5T.D0116.I001", "..\..\R5T.D0116\source\R5T.D0116.I001\R5T.D0116.I001.csproj", "{5F591D0F-A9C6-4044-8E37-FAF1110157B5}"
EndProject
Project("{9A19103F-16F7-4668-BE54-9A1E7A4F7556}") = "R5T.D0116.I0001", "..\..\R5T.D0116.I0001\source\R5T.D0116.I0001\R5T.D0116.I0001.csproj", "{B04B2482-9A20-4302-B95D-2AACE3D0AFBE}"
EndProject
Project("{9A19103F-16F7-4668-BE54-9A1E7A4F7556}") = "R5T.D0116.X001", "..\..\R5T.D0116\source\R5T.D0116.X001\R5T.D0116.X001.csproj", "{FCEA884E-DB52-48C2-BD6D-47088788D374}"
EndProject
Project("{9A19103F-16F7-4668-BE54-9A1E7A4F7556}") = "R5T.B0001.X0001", "..\..\R5T.B0001.X0001\source\R5T.B0001.X0001\R5T.B0001.X0001.csproj", "{DB05E30A-18E4-41FC-8256-D5F45B7B6394}"
EndProject
Project("{9A19103F-16F7-4668-BE54-9A1E7A4F7556}") = "R5T.B0001", "..\..\R5T.B0001\source\R5T.B0001\R5T.B0001.csproj", "{ACB82D51-ED3E-4034-8AED-C61AC527C6BF}"
EndProject
Project("{9A19103F-16F7-4668-BE54-9A1E7A4F7556}") = "R5T.T0039.T002", "..\..\R5T.T0039\source\R5T.T0039.T002\R5T.T0039.T002.csproj", "{A5932814-E3DD-4E9E-970A-6748028FE28E}"
EndProject
Project("{9A19103F-16F7-4668-BE54-9A1E7A4F7556}") = "R5T.B0001.X001", "..\..\R5T.B0001\source\R5T.B0001.X001\R5T.B0001.X001.csproj", "{7468DF18-BED9-4E0B-9BF3-AAF50167F5A2}"
EndProject
Project("{9A19103F-16F7-4668-BE54-9A1E7A4F7556}") = "R5T.B0000.X001", "..\..\R5T.B0000\source\R5T.B0000.X001\R5T.B0000.X001.csproj", "{5D89892A-616D-4F9E-AD63-C04FA2DDF2EC}"
EndProject
Project("{9A19103F-16F7-4668-BE54-9A1E7A4F7556}") = "R5T.Magyar", "..\..\R5T.Magyar\source\R5T.Magyar\R5T.Magyar.csproj", "{14401111-0FDA-404C-8A9D-9A07EE1B09E0}"
EndProject
Project("{9A19103F-16F7-4668-BE54-9A1E7A4F7556}") = "R5T.B0000", "..\..\R5T.B0000\source\R5T.B0000\R5T.B0000.csproj", "{610907C0-171A-41A7-A631-59B190BDB42B}"
EndProject
Project("{9A19103F-16F7-4668-BE54-9A1E7A4F7556}") = "R5T.B0002.X0001", "..\..\R5T.B0002.X0001\source\R5T.B0002.X0001\R5T.B0002.X0001.csproj", "{E785F2C3-F012-4CE4-ABB2-CDB9A77F00A2}"
EndProject
Project("{9A19103F-16F7-4668-BE54-9A1E7A4F7556}") = "R5T.B0002.X001", "..\..\R5T.B0002\source\R5T.B0002.X001\R5T.B0002.X001.csproj", "{41E54AEB-2032-4418-90AF-4FC7774E15C1}"
EndProject
Project("{9A19103F-16F7-4668-BE54-9A1E7A4F7556}") = "R5T.B0002", "..\..\R5T.B0002\source\R5T.B0002\R5T.B0002.csproj", "{9DF10D82-C547-4DD9-8090-97CE2E96EFBC}"
EndProject
Project("{9A19103F-16F7-4668-BE54-9A1E7A4F7556}") = "R5T.B0004.X0001", "..\..\R5T.B0004.X0001\source\R5T.B0004.X0001\R5T.B0004.X0001.csproj", "{5BB9057D-C378-4ED6-80A8-447E3CEDD052}"
EndProject
Project("{9A19103F-16F7-4668-BE54-9A1E7A4F7556}") = "R5T.B0004", "..\..\R5T.B0004\source\R5T.B0004\R5T.B0004.csproj", "{9382DDC8-D770-4BA1-90DB-F69B85D5858F}"
EndProject
Project("{9A19103F-16F7-4668-BE54-9A1E7A4F7556}") = "R5T.B0004.X001", "..\..\R5T.B0004\source\R5T.B0004.X001\R5T.B0004.X001.csproj", "{F3ACAF9C-5CCD-4327-BC5B-A34D204F980B}"
EndProject
Project("{9A19103F-16F7-4668-BE54-9A1E7A4F7556}") = "R5T.D0116", "..\..\R5T.D0116\source\R5T.D0116\R5T.D0116.csproj", "{D0613B3F-FC06-4FEE-A8CD-B4BE3B9254AB}"
EndProject
Project("{9A19103F-16F7-4668-BE54-9A1E7A4F7556}") = "R5T.L0011.X000", "..\..\R5T.L0011\source\R5T.L0011.X000\R5T.L0011.X000.csproj", "{4B574011-49B5-4A43-BDC1-F8BB7EB5EEE2}"
EndProject
Project("{9A19103F-16F7-4668-BE54-9A1E7A4F7556}") = "R5T.L0011", "..\..\R5T.L0011\source\R5T.L0011\R5T.L0011.csproj", "{0BC5A966-3FF4-4A0E-97CB-406FBC94C1D7}"
EndProject
Project("{9A19103F-16F7-4668-BE54-9A1E7A4F7556}") = "R5T.T0064", "..\..\R5T.T0064\source\R5T.T0064\R5T.T0064.csproj", "{BB4D188D-E44C-4E9E-954E-54996719731D}"
EndProject
Project("{9A19103F-16F7-4668-BE54-9A1E7A4F7556}") = "R5T.D0116.T000", "..\..\R5T.D0116\source\R5T.D0116.T000\R5T.D0116.T000.csproj", "{761635A0-EC2E-4E85-A144-A6618D16824A}"
EndProject
Project("{9A19103F-16F7-4668-BE54-9A1E7A4F7556}") = "R5T.T0062.X001", "..\..\R5T.T0062\source\R5T.T0062.X001\R5T.T0062.X001.csproj", "{0601213F-625A-455D-BEC3-F5A24CA69017}"
EndProject
Project("{9A19103F-16F7-4668-BE54-9A1E7A4F7556}") = "R5T.T0063", "..\..\R5T.T0063\source\R5T.T0063\R5T.T0063.csproj", "{7ABDA931-4FE3-4329-A7EE-503948DEB0C6}"
EndProject
Project("{9A19103F-16F7-4668-BE54-9A1E7A4F7556}") = "R5T.L0013", "..\..\R5T.L0013\source\R5T.L0013\R5T.L0013.csproj", "{D1A2BE73-CC56-4F6C-8C52-19E37847275E}"
EndProject
Project("{9A19103F-16F7-4668-BE54-9A1E7A4F7556}") = "R5T.T0062", "..\..\R5T.T0062\source\R5T.T0062\R5T.T0062.csproj", "{B6046CB7-2214-45E2-9369-5DB59F6457B9}"
EndProject
Project("{9A19103F-16F7-4668-BE54-9A1E7A4F7556}") = "R5T.T0036.X004", "..\..\R5T.T0036\source\R5T.T0036.X004\R5T.T0036.X004.csproj", "{9AE7AC31-5943-4C6A-AC0D-C599CC6B7E72}"
EndProject
Project("{9A19103F-16F7-4668-BE54-9A1E7A4F7556}") = "R5T.L0011.T001.X001", "..\..\R5T.L0011\source\R5T.L0011.T001.X001\R5T.L0011.T001.X001.csproj", "{C524C657-8C35-4DEF-B608-8B5C0A003DF8}"
EndProject
Project("{9A19103F-16F7-4668-BE54-9A1E7A4F7556}") = "R5T.L0011.T001.X000", "..\..\R5T.L0011\source\R5T.L0011.T001.X000\R5T.L0011.T001.X000.csproj", "{DDD69CB4-6A83-43B0-B481-4A0A08D8FCD5}"
EndProject
Project("{9A19103F-16F7-4668-BE54-9A1E7A4F7556}") = "R5T.L0011.T001", "..\..\R5T.L0011\source\R5T.L0011.T001\R5T.L0011.T001.csproj", "{F6351B7A-96BC-4251-82BF-C82136B23A5B}"
EndProject
Project("{9A19103F-16F7-4668-BE54-9A1E7A4F7556}") = "R5T.L0011.X001", "..\..\R5T.L0011\source\R5T.L0011.X001\R5T.L0011.X001.csproj", "{3C46E8F6-5831-43BA-BBBE-3C041F4BD7C8}"
EndProject
Project("{9A19103F-16F7-4668-BE54-9A1E7A4F7556}") = "R5T.Magyar.T002", "..\..\R5T.Magyar\source\R5T.Magyar.T002\R5T.Magyar.T002.csproj", "{13C9CCA9-EC0A-4D76-B5BE-41A9D897C049}"
EndProject
Project("{9A19103F-16F7-4668-BE54-9A1E7A4F7556}") = "R5T.L0011.X001-1", "..\..\R5T.L0011\source\R5T.L0011.X001-1\R5T.L0011.X001-1.csproj", "{E3349BEE-2CA2-406E-99FB-24575E21EA18}"
EndProject
Project("{9A19103F-16F7-4668-BE54-9A1E7A4F7556}") = "R5T.T0045", "..\..\R5T.T0045\source\R5T.T0045\R5T.T0045.csproj", "{62454EC5-78A4-4AD1-B068-3A7CC3E5CB81}"
EndProject
Project("{9A19103F-16F7-4668-BE54-9A1E7A4F7556}") = "R5T.T0060", "..\..\R5T.T0060\source\R5T.T0060\R5T.T0060.csproj", "{02A6F796-D804-41EB-9159-56FC547A6848}"
EndProject
Project("{9A19103F-16F7-4668-BE54-9A1E7A4F7556}") = "R5T.L0011.X002", "..\..\R5T.L0011\source\R5T.L0011.X002\R5T.L0011.X002.csproj", "{AA7F8904-047E-42DC-840C-838E7059C37B}"
EndProject
Project("{9A19103F-16F7-4668-BE54-9A1E7A4F7556}") = "R5T.T0034.X001", "..\..\R5T.T0034\source\R5T.T0034.X001\R5T.T0034.X001.csproj", "{DD90C65D-6329-4FC4-A72A-72632F706A4A}"
EndProject
Project("{9A19103F-16F7-4668-BE54-9A1E7A4F7556}") = "R5T.T0034", "..\..\R5T.T0034\source\R5T.T0034\R5T.T0034.csproj", "{F58FA7EB-8BF3-470E-952F-A2973AF17900}"
EndProject
Project("{9A19103F-16F7-4668-BE54-9A1E7A4F7556}") = "R5T.L0011.T002.X001", "..\..\R5T.L0011\source\R5T.L0011.T002.X001\R5T.L0011.T002.X001.csproj", "{4BA3AFD4-3739-41B3-99A3-FFC2F9CBA836}"
EndProject
Project("{9A19103F-16F7-4668-BE54-9A1E7A4F7556}") = "R5T.L0011.T002", "..\..\R5T.L0011\source\R5T.L0011.T002\R5T.L0011.T002.csproj", "{2FA40941-9DB6-47D9-9EB8-82C19F9F2E55}"
EndProject
Project("{9A19103F-16F7-4668-BE54-9A1E7A4F7556}") = "R5T.L0011.T003", "..\..\R5T.L0011\source\R5T.L0011.T003\R5T.L0011.T003.csproj", "{647804ED-AE5B-4C0A-A36B-DDD456AF67C6}"
EndProject
Project("{9A19103F-16F7-4668-BE54-9A1E7A4F7556}") = "R5T.L0011.T004", "..\..\R5T.L0011\source\R5T.L0011.T004\R5T.L0011.T004.csproj", "{1B6B58D0-2C29-4F27-9DA9-65D37CA5F9B3}"
EndProject
Project("{9A19103F-16F7-4668-BE54-9A1E7A4F7556}") = "R5T.T0034.X009", "..\..\R5T.T0034\source\R5T.T0034.X009\R5T.T0034.X009.csproj", "{4CFB5920-8A10-42E3-98C5-F47D9F2EE16D}"
EndProject
Project("{9A19103F-16F7-4668-BE54-9A1E7A4F7556}") = "R5T.T0035.X003", "..\..\R5T.T0035\source\R5T.T0035.X003\R5T.T0035.X003.csproj", "{B4EC1347-8D10-48B2-B439-F336225FAD15}"
EndProject
Project("{9A19103F-16F7-4668-BE54-9A1E7A4F7556}") = "R5T.T0035", "..\..\R5T.T0035\source\R5T.T0035\R5T.T0035.csproj", "{5B411611-5C3B-4A0B-A920-9D68AC67CF6F}"
EndProject
Project("{9A19103F-16F7-4668-BE54-9A1E7A4F7556}") = "R5T.T0036.X003", "..\..\R5T.T0036\source\R5T.T0036.X003\R5T.T0036.X003.csproj", "{F5BC68BB-616B-41A2-95C5-C02E78ED4BF1}"
EndProject
Project("{9A19103F-16F7-4668-BE54-9A1E7A4F7556}") = "R5T.T0036", "..\..\R5T.T0036\source\R5T.T0036\R5T.T0036.csproj", "{0F284468-E2BC-476B-830B-111055BEC109}"
EndProject
Project("{9A19103F-16F7-4668-BE54-9A1E7A4F7556}") = "R5T.T0098", "..\..\R5T.T0098\source\R5T.T0098\R5T.T0098.csproj", "{4A6B2A07-CE91-444A-AD3C-1A1EFD8D61E7}"
EndProject
Project("{9A19103F-16F7-4668-BE54-9A1E7A4F7556}") = "R5T.T0126", "..\..\R5T.T0126\source\R5T.T0126\R5T.T0126.csproj", "{9BD00FDF-E573-4941-9657-5DBAC042F139}"
EndProject
Global
	GlobalSection(SolutionConfigurationPlatforms) = preSolution
		Debug|Any CPU = Debug|Any CPU
		Debug|x64 = Debug|x64
		Debug|x86 = Debug|x86
		Release|Any CPU = Release|Any CPU
		Release|x64 = Release|x64
		Release|x86 = Release|x86
	EndGlobalSection
	GlobalSection(ProjectConfigurationPlatforms) = postSolution
		{DA0FDBEB-75A0-4582-B2D0-AF471A882E63}.Debug|Any CPU.ActiveCfg = Debug|Any CPU
		{DA0FDBEB-75A0-4582-B2D0-AF471A882E63}.Debug|Any CPU.Build.0 = Debug|Any CPU
		{DA0FDBEB-75A0-4582-B2D0-AF471A882E63}.Debug|x64.ActiveCfg = Debug|Any CPU
		{DA0FDBEB-75A0-4582-B2D0-AF471A882E63}.Debug|x64.Build.0 = Debug|Any CPU
		{DA0FDBEB-75A0-4582-B2D0-AF471A882E63}.Debug|x86.ActiveCfg = Debug|Any CPU
		{DA0FDBEB-75A0-4582-B2D0-AF471A882E63}.Debug|x86.Build.0 = Debug|Any CPU
		{DA0FDBEB-75A0-4582-B2D0-AF471A882E63}.Release|Any CPU.ActiveCfg = Release|Any CPU
		{DA0FDBEB-75A0-4582-B2D0-AF471A882E63}.Release|Any CPU.Build.0 = Release|Any CPU
		{DA0FDBEB-75A0-4582-B2D0-AF471A882E63}.Release|x64.ActiveCfg = Release|Any CPU
		{DA0FDBEB-75A0-4582-B2D0-AF471A882E63}.Release|x64.Build.0 = Release|Any CPU
		{DA0FDBEB-75A0-4582-B2D0-AF471A882E63}.Release|x86.ActiveCfg = Release|Any CPU
		{DA0FDBEB-75A0-4582-B2D0-AF471A882E63}.Release|x86.Build.0 = Release|Any CPU
		{5F591D0F-A9C6-4044-8E37-FAF1110157B5}.Debug|Any CPU.ActiveCfg = Debug|Any CPU
		{5F591D0F-A9C6-4044-8E37-FAF1110157B5}.Debug|Any CPU.Build.0 = Debug|Any CPU
		{5F591D0F-A9C6-4044-8E37-FAF1110157B5}.Debug|x64.ActiveCfg = Debug|Any CPU
		{5F591D0F-A9C6-4044-8E37-FAF1110157B5}.Debug|x64.Build.0 = Debug|Any CPU
		{5F591D0F-A9C6-4044-8E37-FAF1110157B5}.Debug|x86.ActiveCfg = Debug|Any CPU
		{5F591D0F-A9C6-4044-8E37-FAF1110157B5}.Debug|x86.Build.0 = Debug|Any CPU
		{5F591D0F-A9C6-4044-8E37-FAF1110157B5}.Release|Any CPU.ActiveCfg = Release|Any CPU
		{5F591D0F-A9C6-4044-8E37-FAF1110157B5}.Release|Any CPU.Build.0 = Release|Any CPU
		{5F591D0F-A9C6-4044-8E37-FAF1110157B5}.Release|x64.ActiveCfg = Release|Any CPU
		{5F591D0F-A9C6-4044-8E37-FAF1110157B5}.Release|x64.Build.0 = Release|Any CPU
		{5F591D0F-A9C6-4044-8E37-FAF1110157B5}.Release|x86.ActiveCfg = Release|Any CPU
		{5F591D0F-A9C6-4044-8E37-FAF1110157B5}.Release|x86.Build.0 = Release|Any CPU
		{B04B2482-9A20-4302-B95D-2AACE3D0AFBE}.Debug|Any CPU.ActiveCfg = Debug|Any CPU
		{B04B2482-9A20-4302-B95D-2AACE3D0AFBE}.Debug|Any CPU.Build.0 = Debug|Any CPU
		{B04B2482-9A20-4302-B95D-2AACE3D0AFBE}.Debug|x64.ActiveCfg = Debug|Any CPU
		{B04B2482-9A20-4302-B95D-2AACE3D0AFBE}.Debug|x64.Build.0 = Debug|Any CPU
		{B04B2482-9A20-4302-B95D-2AACE3D0AFBE}.Debug|x86.ActiveCfg = Debug|Any CPU
		{B04B2482-9A20-4302-B95D-2AACE3D0AFBE}.Debug|x86.Build.0 = Debug|Any CPU
		{B04B2482-9A20-4302-B95D-2AACE3D0AFBE}.Release|Any CPU.ActiveCfg = Release|Any CPU
		{B04B2482-9A20-4302-B95D-2AACE3D0AFBE}.Release|Any CPU.Build.0 = Release|Any CPU
		{B04B2482-9A20-4302-B95D-2AACE3D0AFBE}.Release|x64.ActiveCfg = Release|Any CPU
		{B04B2482-9A20-4302-B95D-2AACE3D0AFBE}.Release|x64.Build.0 = Release|Any CPU
		{B04B2482-9A20-4302-B95D-2AACE3D0AFBE}.Release|x86.ActiveCfg = Release|Any CPU
		{B04B2482-9A20-4302-B95D-2AACE3D0AFBE}.Release|x86.Build.0 = Release|Any CPU
		{FCEA884E-DB52-48C2-BD6D-47088788D374}.Debug|Any CPU.ActiveCfg = Debug|Any CPU
		{FCEA884E-DB52-48C2-BD6D-47088788D374}.Debug|Any CPU.Build.0 = Debug|Any CPU
		{FCEA884E-DB52-48C2-BD6D-47088788D374}.Debug|x64.ActiveCfg = Debug|Any CPU
		{FCEA884E-DB52-48C2-BD6D-47088788D374}.Debug|x64.Build.0 = Debug|Any CPU
		{FCEA884E-DB52-48C2-BD6D-47088788D374}.Debug|x86.ActiveCfg = Debug|Any CPU
		{FCEA884E-DB52-48C2-BD6D-47088788D374}.Debug|x86.Build.0 = Debug|Any CPU
		{FCEA884E-DB52-48C2-BD6D-47088788D374}.Release|Any CPU.ActiveCfg = Release|Any CPU
		{FCEA884E-DB52-48C2-BD6D-47088788D374}.Release|Any CPU.Build.0 = Release|Any CPU
		{FCEA884E-DB52-48C2-BD6D-47088788D374}.Release|x64.ActiveCfg = Release|Any CPU
		{FCEA884E-DB52-48C2-BD6D-47088788D374}.Release|x64.Build.0 = Release|Any CPU
		{FCEA884E-DB52-48C2-BD6D-47088788D374}.Release|x86.ActiveCfg = Release|Any CPU
		{FCEA884E-DB52-48C2-BD6D-47088788D374}.Release|x86.Build.0 = Release|Any CPU
		{DB05E30A-18E4-41FC-8256-D5F45B7B6394}.Debug|Any CPU.ActiveCfg = Debug|Any CPU
		{DB05E30A-18E4-41FC-8256-D5F45B7B6394}.Debug|Any CPU.Build.0 = Debug|Any CPU
		{DB05E30A-18E4-41FC-8256-D5F45B7B6394}.Debug|x64.ActiveCfg = Debug|Any CPU
		{DB05E30A-18E4-41FC-8256-D5F45B7B6394}.Debug|x64.Build.0 = Debug|Any CPU
		{DB05E30A-18E4-41FC-8256-D5F45B7B6394}.Debug|x86.ActiveCfg = Debug|Any CPU
		{DB05E30A-18E4-41FC-8256-D5F45B7B6394}.Debug|x86.Build.0 = Debug|Any CPU
		{DB05E30A-18E4-41FC-8256-D5F45B7B6394}.Release|Any CPU.ActiveCfg = Release|Any CPU
		{DB05E30A-18E4-41FC-8256-D5F45B7B6394}.Release|Any CPU.Build.0 = Release|Any CPU
		{DB05E30A-18E4-41FC-8256-D5F45B7B6394}.Release|x64.ActiveCfg = Release|Any CPU
		{DB05E30A-18E4-41FC-8256-D5F45B7B6394}.Release|x64.Build.0 = Release|Any CPU
		{DB05E30A-18E4-41FC-8256-D5F45B7B6394}.Release|x86.ActiveCfg = Release|Any CPU
		{DB05E30A-18E4-41FC-8256-D5F45B7B6394}.Release|x86.Build.0 = Release|Any CPU
		{ACB82D51-ED3E-4034-8AED-C61AC527C6BF}.Debug|Any CPU.ActiveCfg = Debug|Any CPU
		{ACB82D51-ED3E-4034-8AED-C61AC527C6BF}.Debug|Any CPU.Build.0 = Debug|Any CPU
		{ACB82D51-ED3E-4034-8AED-C61AC527C6BF}.Debug|x64.ActiveCfg = Debug|Any CPU
		{ACB82D51-ED3E-4034-8AED-C61AC527C6BF}.Debug|x64.Build.0 = Debug|Any CPU
		{ACB82D51-ED3E-4034-8AED-C61AC527C6BF}.Debug|x86.ActiveCfg = Debug|Any CPU
		{ACB82D51-ED3E-4034-8AED-C61AC527C6BF}.Debug|x86.Build.0 = Debug|Any CPU
		{ACB82D51-ED3E-4034-8AED-C61AC527C6BF}.Release|Any CPU.ActiveCfg = Release|Any CPU
		{ACB82D51-ED3E-4034-8AED-C61AC527C6BF}.Release|Any CPU.Build.0 = Release|Any CPU
		{ACB82D51-ED3E-4034-8AED-C61AC527C6BF}.Release|x64.ActiveCfg = Release|Any CPU
		{ACB82D51-ED3E-4034-8AED-C61AC527C6BF}.Release|x64.Build.0 = Release|Any CPU
		{ACB82D51-ED3E-4034-8AED-C61AC527C6BF}.Release|x86.ActiveCfg = Release|Any CPU
		{ACB82D51-ED3E-4034-8AED-C61AC527C6BF}.Release|x86.Build.0 = Release|Any CPU
		{A5932814-E3DD-4E9E-970A-6748028FE28E}.Debug|Any CPU.ActiveCfg = Debug|Any CPU
		{A5932814-E3DD-4E9E-970A-6748028FE28E}.Debug|Any CPU.Build.0 = Debug|Any CPU
		{A5932814-E3DD-4E9E-970A-6748028FE28E}.Debug|x64.ActiveCfg = Debug|Any CPU
		{A5932814-E3DD-4E9E-970A-6748028FE28E}.Debug|x64.Build.0 = Debug|Any CPU
		{A5932814-E3DD-4E9E-970A-6748028FE28E}.Debug|x86.ActiveCfg = Debug|Any CPU
		{A5932814-E3DD-4E9E-970A-6748028FE28E}.Debug|x86.Build.0 = Debug|Any CPU
		{A5932814-E3DD-4E9E-970A-6748028FE28E}.Release|Any CPU.ActiveCfg = Release|Any CPU
		{A5932814-E3DD-4E9E-970A-6748028FE28E}.Release|Any CPU.Build.0 = Release|Any CPU
		{A5932814-E3DD-4E9E-970A-6748028FE28E}.Release|x64.ActiveCfg = Release|Any CPU
		{A5932814-E3DD-4E9E-970A-6748028FE28E}.Release|x64.Build.0 = Release|Any CPU
		{A5932814-E3DD-4E9E-970A-6748028FE28E}.Release|x86.ActiveCfg = Release|Any CPU
		{A5932814-E3DD-4E9E-970A-6748028FE28E}.Release|x86.Build.0 = Release|Any CPU
		{7468DF18-BED9-4E0B-9BF3-AAF50167F5A2}.Debug|Any CPU.ActiveCfg = Debug|Any CPU
		{7468DF18-BED9-4E0B-9BF3-AAF50167F5A2}.Debug|Any CPU.Build.0 = Debug|Any CPU
		{7468DF18-BED9-4E0B-9BF3-AAF50167F5A2}.Debug|x64.ActiveCfg = Debug|Any CPU
		{7468DF18-BED9-4E0B-9BF3-AAF50167F5A2}.Debug|x64.Build.0 = Debug|Any CPU
		{7468DF18-BED9-4E0B-9BF3-AAF50167F5A2}.Debug|x86.ActiveCfg = Debug|Any CPU
		{7468DF18-BED9-4E0B-9BF3-AAF50167F5A2}.Debug|x86.Build.0 = Debug|Any CPU
		{7468DF18-BED9-4E0B-9BF3-AAF50167F5A2}.Release|Any CPU.ActiveCfg = Release|Any CPU
		{7468DF18-BED9-4E0B-9BF3-AAF50167F5A2}.Release|Any CPU.Build.0 = Release|Any CPU
		{7468DF18-BED9-4E0B-9BF3-AAF50167F5A2}.Release|x64.ActiveCfg = Release|Any CPU
		{7468DF18-BED9-4E0B-9BF3-AAF50167F5A2}.Release|x64.Build.0 = Release|Any CPU
		{7468DF18-BED9-4E0B-9BF3-AAF50167F5A2}.Release|x86.ActiveCfg = Release|Any CPU
		{7468DF18-BED9-4E0B-9BF3-AAF50167F5A2}.Release|x86.Build.0 = Release|Any CPU
		{5D89892A-616D-4F9E-AD63-C04FA2DDF2EC}.Debug|Any CPU.ActiveCfg = Debug|Any CPU
		{5D89892A-616D-4F9E-AD63-C04FA2DDF2EC}.Debug|Any CPU.Build.0 = Debug|Any CPU
		{5D89892A-616D-4F9E-AD63-C04FA2DDF2EC}.Debug|x64.ActiveCfg = Debug|Any CPU
		{5D89892A-616D-4F9E-AD63-C04FA2DDF2EC}.Debug|x64.Build.0 = Debug|Any CPU
		{5D89892A-616D-4F9E-AD63-C04FA2DDF2EC}.Debug|x86.ActiveCfg = Debug|Any CPU
		{5D89892A-616D-4F9E-AD63-C04FA2DDF2EC}.Debug|x86.Build.0 = Debug|Any CPU
		{5D89892A-616D-4F9E-AD63-C04FA2DDF2EC}.Release|Any CPU.ActiveCfg = Release|Any CPU
		{5D89892A-616D-4F9E-AD63-C04FA2DDF2EC}.Release|Any CPU.Build.0 = Release|Any CPU
		{5D89892A-616D-4F9E-AD63-C04FA2DDF2EC}.Release|x64.ActiveCfg = Release|Any CPU
		{5D89892A-616D-4F9E-AD63-C04FA2DDF2EC}.Release|x64.Build.0 = Release|Any CPU
		{5D89892A-616D-4F9E-AD63-C04FA2DDF2EC}.Release|x86.ActiveCfg = Release|Any CPU
		{5D89892A-616D-4F9E-AD63-C04FA2DDF2EC}.Release|x86.Build.0 = Release|Any CPU
		{14401111-0FDA-404C-8A9D-9A07EE1B09E0}.Debug|Any CPU.ActiveCfg = Debug|Any CPU
		{14401111-0FDA-404C-8A9D-9A07EE1B09E0}.Debug|Any CPU.Build.0 = Debug|Any CPU
		{14401111-0FDA-404C-8A9D-9A07EE1B09E0}.Debug|x64.ActiveCfg = Debug|Any CPU
		{14401111-0FDA-404C-8A9D-9A07EE1B09E0}.Debug|x64.Build.0 = Debug|Any CPU
		{14401111-0FDA-404C-8A9D-9A07EE1B09E0}.Debug|x86.ActiveCfg = Debug|Any CPU
		{14401111-0FDA-404C-8A9D-9A07EE1B09E0}.Debug|x86.Build.0 = Debug|Any CPU
		{14401111-0FDA-404C-8A9D-9A07EE1B09E0}.Release|Any CPU.ActiveCfg = Release|Any CPU
		{14401111-0FDA-404C-8A9D-9A07EE1B09E0}.Release|Any CPU.Build.0 = Release|Any CPU
		{14401111-0FDA-404C-8A9D-9A07EE1B09E0}.Release|x64.ActiveCfg = Release|Any CPU
		{14401111-0FDA-404C-8A9D-9A07EE1B09E0}.Release|x64.Build.0 = Release|Any CPU
		{14401111-0FDA-404C-8A9D-9A07EE1B09E0}.Release|x86.ActiveCfg = Release|Any CPU
		{14401111-0FDA-404C-8A9D-9A07EE1B09E0}.Release|x86.Build.0 = Release|Any CPU
		{610907C0-171A-41A7-A631-59B190BDB42B}.Debug|Any CPU.ActiveCfg = Debug|Any CPU
		{610907C0-171A-41A7-A631-59B190BDB42B}.Debug|Any CPU.Build.0 = Debug|Any CPU
		{610907C0-171A-41A7-A631-59B190BDB42B}.Debug|x64.ActiveCfg = Debug|Any CPU
		{610907C0-171A-41A7-A631-59B190BDB42B}.Debug|x64.Build.0 = Debug|Any CPU
		{610907C0-171A-41A7-A631-59B190BDB42B}.Debug|x86.ActiveCfg = Debug|Any CPU
		{610907C0-171A-41A7-A631-59B190BDB42B}.Debug|x86.Build.0 = Debug|Any CPU
		{610907C0-171A-41A7-A631-59B190BDB42B}.Release|Any CPU.ActiveCfg = Release|Any CPU
		{610907C0-171A-41A7-A631-59B190BDB42B}.Release|Any CPU.Build.0 = Release|Any CPU
		{610907C0-171A-41A7-A631-59B190BDB42B}.Release|x64.ActiveCfg = Release|Any CPU
		{610907C0-171A-41A7-A631-59B190BDB42B}.Release|x64.Build.0 = Release|Any CPU
		{610907C0-171A-41A7-A631-59B190BDB42B}.Release|x86.ActiveCfg = Release|Any CPU
		{610907C0-171A-41A7-A631-59B190BDB42B}.Release|x86.Build.0 = Release|Any CPU
		{E785F2C3-F012-4CE4-ABB2-CDB9A77F00A2}.Debug|Any CPU.ActiveCfg = Debug|Any CPU
		{E785F2C3-F012-4CE4-ABB2-CDB9A77F00A2}.Debug|Any CPU.Build.0 = Debug|Any CPU
		{E785F2C3-F012-4CE4-ABB2-CDB9A77F00A2}.Debug|x64.ActiveCfg = Debug|Any CPU
		{E785F2C3-F012-4CE4-ABB2-CDB9A77F00A2}.Debug|x64.Build.0 = Debug|Any CPU
		{E785F2C3-F012-4CE4-ABB2-CDB9A77F00A2}.Debug|x86.ActiveCfg = Debug|Any CPU
		{E785F2C3-F012-4CE4-ABB2-CDB9A77F00A2}.Debug|x86.Build.0 = Debug|Any CPU
		{E785F2C3-F012-4CE4-ABB2-CDB9A77F00A2}.Release|Any CPU.ActiveCfg = Release|Any CPU
		{E785F2C3-F012-4CE4-ABB2-CDB9A77F00A2}.Release|Any CPU.Build.0 = Release|Any CPU
		{E785F2C3-F012-4CE4-ABB2-CDB9A77F00A2}.Release|x64.ActiveCfg = Release|Any CPU
		{E785F2C3-F012-4CE4-ABB2-CDB9A77F00A2}.Release|x64.Build.0 = Release|Any CPU
		{E785F2C3-F012-4CE4-ABB2-CDB9A77F00A2}.Release|x86.ActiveCfg = Release|Any CPU
		{E785F2C3-F012-4CE4-ABB2-CDB9A77F00A2}.Release|x86.Build.0 = Release|Any CPU
		{41E54AEB-2032-4418-90AF-4FC7774E15C1}.Debug|Any CPU.ActiveCfg = Debug|Any CPU
		{41E54AEB-2032-4418-90AF-4FC7774E15C1}.Debug|Any CPU.Build.0 = Debug|Any CPU
		{41E54AEB-2032-4418-90AF-4FC7774E15C1}.Debug|x64.ActiveCfg = Debug|Any CPU
		{41E54AEB-2032-4418-90AF-4FC7774E15C1}.Debug|x64.Build.0 = Debug|Any CPU
		{41E54AEB-2032-4418-90AF-4FC7774E15C1}.Debug|x86.ActiveCfg = Debug|Any CPU
		{41E54AEB-2032-4418-90AF-4FC7774E15C1}.Debug|x86.Build.0 = Debug|Any CPU
		{41E54AEB-2032-4418-90AF-4FC7774E15C1}.Release|Any CPU.ActiveCfg = Release|Any CPU
		{41E54AEB-2032-4418-90AF-4FC7774E15C1}.Release|Any CPU.Build.0 = Release|Any CPU
		{41E54AEB-2032-4418-90AF-4FC7774E15C1}.Release|x64.ActiveCfg = Release|Any CPU
		{41E54AEB-2032-4418-90AF-4FC7774E15C1}.Release|x64.Build.0 = Release|Any CPU
		{41E54AEB-2032-4418-90AF-4FC7774E15C1}.Release|x86.ActiveCfg = Release|Any CPU
		{41E54AEB-2032-4418-90AF-4FC7774E15C1}.Release|x86.Build.0 = Release|Any CPU
		{9DF10D82-C547-4DD9-8090-97CE2E96EFBC}.Debug|Any CPU.ActiveCfg = Debug|Any CPU
		{9DF10D82-C547-4DD9-8090-97CE2E96EFBC}.Debug|Any CPU.Build.0 = Debug|Any CPU
		{9DF10D82-C547-4DD9-8090-97CE2E96EFBC}.Debug|x64.ActiveCfg = Debug|Any CPU
		{9DF10D82-C547-4DD9-8090-97CE2E96EFBC}.Debug|x64.Build.0 = Debug|Any CPU
		{9DF10D82-C547-4DD9-8090-97CE2E96EFBC}.Debug|x86.ActiveCfg = Debug|Any CPU
		{9DF10D82-C547-4DD9-8090-97CE2E96EFBC}.Debug|x86.Build.0 = Debug|Any CPU
		{9DF10D82-C547-4DD9-8090-97CE2E96EFBC}.Release|Any CPU.ActiveCfg = Release|Any CPU
		{9DF10D82-C547-4DD9-8090-97CE2E96EFBC}.Release|Any CPU.Build.0 = Release|Any CPU
		{9DF10D82-C547-4DD9-8090-97CE2E96EFBC}.Release|x64.ActiveCfg = Release|Any CPU
		{9DF10D82-C547-4DD9-8090-97CE2E96EFBC}.Release|x64.Build.0 = Release|Any CPU
		{9DF10D82-C547-4DD9-8090-97CE2E96EFBC}.Release|x86.ActiveCfg = Release|Any CPU
		{9DF10D82-C547-4DD9-8090-97CE2E96EFBC}.Release|x86.Build.0 = Release|Any CPU
		{5BB9057D-C378-4ED6-80A8-447E3CEDD052}.Debug|Any CPU.ActiveCfg = Debug|Any CPU
		{5BB9057D-C378-4ED6-80A8-447E3CEDD052}.Debug|Any CPU.Build.0 = Debug|Any CPU
		{5BB9057D-C378-4ED6-80A8-447E3CEDD052}.Debug|x64.ActiveCfg = Debug|Any CPU
		{5BB9057D-C378-4ED6-80A8-447E3CEDD052}.Debug|x64.Build.0 = Debug|Any CPU
		{5BB9057D-C378-4ED6-80A8-447E3CEDD052}.Debug|x86.ActiveCfg = Debug|Any CPU
		{5BB9057D-C378-4ED6-80A8-447E3CEDD052}.Debug|x86.Build.0 = Debug|Any CPU
		{5BB9057D-C378-4ED6-80A8-447E3CEDD052}.Release|Any CPU.ActiveCfg = Release|Any CPU
		{5BB9057D-C378-4ED6-80A8-447E3CEDD052}.Release|Any CPU.Build.0 = Release|Any CPU
		{5BB9057D-C378-4ED6-80A8-447E3CEDD052}.Release|x64.ActiveCfg = Release|Any CPU
		{5BB9057D-C378-4ED6-80A8-447E3CEDD052}.Release|x64.Build.0 = Release|Any CPU
		{5BB9057D-C378-4ED6-80A8-447E3CEDD052}.Release|x86.ActiveCfg = Release|Any CPU
		{5BB9057D-C378-4ED6-80A8-447E3CEDD052}.Release|x86.Build.0 = Release|Any CPU
		{9382DDC8-D770-4BA1-90DB-F69B85D5858F}.Debug|Any CPU.ActiveCfg = Debug|Any CPU
		{9382DDC8-D770-4BA1-90DB-F69B85D5858F}.Debug|Any CPU.Build.0 = Debug|Any CPU
		{9382DDC8-D770-4BA1-90DB-F69B85D5858F}.Debug|x64.ActiveCfg = Debug|Any CPU
		{9382DDC8-D770-4BA1-90DB-F69B85D5858F}.Debug|x64.Build.0 = Debug|Any CPU
		{9382DDC8-D770-4BA1-90DB-F69B85D5858F}.Debug|x86.ActiveCfg = Debug|Any CPU
		{9382DDC8-D770-4BA1-90DB-F69B85D5858F}.Debug|x86.Build.0 = Debug|Any CPU
		{9382DDC8-D770-4BA1-90DB-F69B85D5858F}.Release|Any CPU.ActiveCfg = Release|Any CPU
		{9382DDC8-D770-4BA1-90DB-F69B85D5858F}.Release|Any CPU.Build.0 = Release|Any CPU
		{9382DDC8-D770-4BA1-90DB-F69B85D5858F}.Release|x64.ActiveCfg = Release|Any CPU
		{9382DDC8-D770-4BA1-90DB-F69B85D5858F}.Release|x64.Build.0 = Release|Any CPU
		{9382DDC8-D770-4BA1-90DB-F69B85D5858F}.Release|x86.ActiveCfg = Release|Any CPU
		{9382DDC8-D770-4BA1-90DB-F69B85D5858F}.Release|x86.Build.0 = Release|Any CPU
		{F3ACAF9C-5CCD-4327-BC5B-A34D204F980B}.Debug|Any CPU.ActiveCfg = Debug|Any CPU
		{F3ACAF9C-5CCD-4327-BC5B-A34D204F980B}.Debug|Any CPU.Build.0 = Debug|Any CPU
		{F3ACAF9C-5CCD-4327-BC5B-A34D204F980B}.Debug|x64.ActiveCfg = Debug|Any CPU
		{F3ACAF9C-5CCD-4327-BC5B-A34D204F980B}.Debug|x64.Build.0 = Debug|Any CPU
		{F3ACAF9C-5CCD-4327-BC5B-A34D204F980B}.Debug|x86.ActiveCfg = Debug|Any CPU
		{F3ACAF9C-5CCD-4327-BC5B-A34D204F980B}.Debug|x86.Build.0 = Debug|Any CPU
		{F3ACAF9C-5CCD-4327-BC5B-A34D204F980B}.Release|Any CPU.ActiveCfg = Release|Any CPU
		{F3ACAF9C-5CCD-4327-BC5B-A34D204F980B}.Release|Any CPU.Build.0 = Release|Any CPU
		{F3ACAF9C-5CCD-4327-BC5B-A34D204F980B}.Release|x64.ActiveCfg = Release|Any CPU
		{F3ACAF9C-5CCD-4327-BC5B-A34D204F980B}.Release|x64.Build.0 = Release|Any CPU
		{F3ACAF9C-5CCD-4327-BC5B-A34D204F980B}.Release|x86.ActiveCfg = Release|Any CPU
		{F3ACAF9C-5CCD-4327-BC5B-A34D204F980B}.Release|x86.Build.0 = Release|Any CPU
		{D0613B3F-FC06-4FEE-A8CD-B4BE3B9254AB}.Debug|Any CPU.ActiveCfg = Debug|Any CPU
		{D0613B3F-FC06-4FEE-A8CD-B4BE3B9254AB}.Debug|Any CPU.Build.0 = Debug|Any CPU
		{D0613B3F-FC06-4FEE-A8CD-B4BE3B9254AB}.Debug|x64.ActiveCfg = Debug|Any CPU
		{D0613B3F-FC06-4FEE-A8CD-B4BE3B9254AB}.Debug|x64.Build.0 = Debug|Any CPU
		{D0613B3F-FC06-4FEE-A8CD-B4BE3B9254AB}.Debug|x86.ActiveCfg = Debug|Any CPU
		{D0613B3F-FC06-4FEE-A8CD-B4BE3B9254AB}.Debug|x86.Build.0 = Debug|Any CPU
		{D0613B3F-FC06-4FEE-A8CD-B4BE3B9254AB}.Release|Any CPU.ActiveCfg = Release|Any CPU
		{D0613B3F-FC06-4FEE-A8CD-B4BE3B9254AB}.Release|Any CPU.Build.0 = Release|Any CPU
		{D0613B3F-FC06-4FEE-A8CD-B4BE3B9254AB}.Release|x64.ActiveCfg = Release|Any CPU
		{D0613B3F-FC06-4FEE-A8CD-B4BE3B9254AB}.Release|x64.Build.0 = Release|Any CPU
		{D0613B3F-FC06-4FEE-A8CD-B4BE3B9254AB}.Release|x86.ActiveCfg = Release|Any CPU
		{D0613B3F-FC06-4FEE-A8CD-B4BE3B9254AB}.Release|x86.Build.0 = Release|Any CPU
		{4B574011-49B5-4A43-BDC1-F8BB7EB5EEE2}.Debug|Any CPU.ActiveCfg = Debug|Any CPU
		{4B574011-49B5-4A43-BDC1-F8BB7EB5EEE2}.Debug|Any CPU.Build.0 = Debug|Any CPU
		{4B574011-49B5-4A43-BDC1-F8BB7EB5EEE2}.Debug|x64.ActiveCfg = Debug|Any CPU
		{4B574011-49B5-4A43-BDC1-F8BB7EB5EEE2}.Debug|x64.Build.0 = Debug|Any CPU
		{4B574011-49B5-4A43-BDC1-F8BB7EB5EEE2}.Debug|x86.ActiveCfg = Debug|Any CPU
		{4B574011-49B5-4A43-BDC1-F8BB7EB5EEE2}.Debug|x86.Build.0 = Debug|Any CPU
		{4B574011-49B5-4A43-BDC1-F8BB7EB5EEE2}.Release|Any CPU.ActiveCfg = Release|Any CPU
		{4B574011-49B5-4A43-BDC1-F8BB7EB5EEE2}.Release|Any CPU.Build.0 = Release|Any CPU
		{4B574011-49B5-4A43-BDC1-F8BB7EB5EEE2}.Release|x64.ActiveCfg = Release|Any CPU
		{4B574011-49B5-4A43-BDC1-F8BB7EB5EEE2}.Release|x64.Build.0 = Release|Any CPU
		{4B574011-49B5-4A43-BDC1-F8BB7EB5EEE2}.Release|x86.ActiveCfg = Release|Any CPU
		{4B574011-49B5-4A43-BDC1-F8BB7EB5EEE2}.Release|x86.Build.0 = Release|Any CPU
		{0BC5A966-3FF4-4A0E-97CB-406FBC94C1D7}.Debug|Any CPU.ActiveCfg = Debug|Any CPU
		{0BC5A966-3FF4-4A0E-97CB-406FBC94C1D7}.Debug|Any CPU.Build.0 = Debug|Any CPU
		{0BC5A966-3FF4-4A0E-97CB-406FBC94C1D7}.Debug|x64.ActiveCfg = Debug|Any CPU
		{0BC5A966-3FF4-4A0E-97CB-406FBC94C1D7}.Debug|x64.Build.0 = Debug|Any CPU
		{0BC5A966-3FF4-4A0E-97CB-406FBC94C1D7}.Debug|x86.ActiveCfg = Debug|Any CPU
		{0BC5A966-3FF4-4A0E-97CB-406FBC94C1D7}.Debug|x86.Build.0 = Debug|Any CPU
		{0BC5A966-3FF4-4A0E-97CB-406FBC94C1D7}.Release|Any CPU.ActiveCfg = Release|Any CPU
		{0BC5A966-3FF4-4A0E-97CB-406FBC94C1D7}.Release|Any CPU.Build.0 = Release|Any CPU
		{0BC5A966-3FF4-4A0E-97CB-406FBC94C1D7}.Release|x64.ActiveCfg = Release|Any CPU
		{0BC5A966-3FF4-4A0E-97CB-406FBC94C1D7}.Release|x64.Build.0 = Release|Any CPU
		{0BC5A966-3FF4-4A0E-97CB-406FBC94C1D7}.Release|x86.ActiveCfg = Release|Any CPU
		{0BC5A966-3FF4-4A0E-97CB-406FBC94C1D7}.Release|x86.Build.0 = Release|Any CPU
		{BB4D188D-E44C-4E9E-954E-54996719731D}.Debug|Any CPU.ActiveCfg = Debug|Any CPU
		{BB4D188D-E44C-4E9E-954E-54996719731D}.Debug|Any CPU.Build.0 = Debug|Any CPU
		{BB4D188D-E44C-4E9E-954E-54996719731D}.Debug|x64.ActiveCfg = Debug|Any CPU
		{BB4D188D-E44C-4E9E-954E-54996719731D}.Debug|x64.Build.0 = Debug|Any CPU
		{BB4D188D-E44C-4E9E-954E-54996719731D}.Debug|x86.ActiveCfg = Debug|Any CPU
		{BB4D188D-E44C-4E9E-954E-54996719731D}.Debug|x86.Build.0 = Debug|Any CPU
		{BB4D188D-E44C-4E9E-954E-54996719731D}.Release|Any CPU.ActiveCfg = Release|Any CPU
		{BB4D188D-E44C-4E9E-954E-54996719731D}.Release|Any CPU.Build.0 = Release|Any CPU
		{BB4D188D-E44C-4E9E-954E-54996719731D}.Release|x64.ActiveCfg = Release|Any CPU
		{BB4D188D-E44C-4E9E-954E-54996719731D}.Release|x64.Build.0 = Release|Any CPU
		{BB4D188D-E44C-4E9E-954E-54996719731D}.Release|x86.ActiveCfg = Release|Any CPU
		{BB4D188D-E44C-4E9E-954E-54996719731D}.Release|x86.Build.0 = Release|Any CPU
		{761635A0-EC2E-4E85-A144-A6618D16824A}.Debug|Any CPU.ActiveCfg = Debug|Any CPU
		{761635A0-EC2E-4E85-A144-A6618D16824A}.Debug|Any CPU.Build.0 = Debug|Any CPU
		{761635A0-EC2E-4E85-A144-A6618D16824A}.Debug|x64.ActiveCfg = Debug|Any CPU
		{761635A0-EC2E-4E85-A144-A6618D16824A}.Debug|x64.Build.0 = Debug|Any CPU
		{761635A0-EC2E-4E85-A144-A6618D16824A}.Debug|x86.ActiveCfg = Debug|Any CPU
		{761635A0-EC2E-4E85-A144-A6618D16824A}.Debug|x86.Build.0 = Debug|Any CPU
		{761635A0-EC2E-4E85-A144-A6618D16824A}.Release|Any CPU.ActiveCfg = Release|Any CPU
		{761635A0-EC2E-4E85-A144-A6618D16824A}.Release|Any CPU.Build.0 = Release|Any CPU
		{761635A0-EC2E-4E85-A144-A6618D16824A}.Release|x64.ActiveCfg = Release|Any CPU
		{761635A0-EC2E-4E85-A144-A6618D16824A}.Release|x64.Build.0 = Release|Any CPU
		{761635A0-EC2E-4E85-A144-A6618D16824A}.Release|x86.ActiveCfg = Release|Any CPU
		{761635A0-EC2E-4E85-A144-A6618D16824A}.Release|x86.Build.0 = Release|Any CPU
		{0601213F-625A-455D-BEC3-F5A24CA69017}.Debug|Any CPU.ActiveCfg = Debug|Any CPU
		{0601213F-625A-455D-BEC3-F5A24CA69017}.Debug|Any CPU.Build.0 = Debug|Any CPU
		{0601213F-625A-455D-BEC3-F5A24CA69017}.Debug|x64.ActiveCfg = Debug|Any CPU
		{0601213F-625A-455D-BEC3-F5A24CA69017}.Debug|x64.Build.0 = Debug|Any CPU
		{0601213F-625A-455D-BEC3-F5A24CA69017}.Debug|x86.ActiveCfg = Debug|Any CPU
		{0601213F-625A-455D-BEC3-F5A24CA69017}.Debug|x86.Build.0 = Debug|Any CPU
		{0601213F-625A-455D-BEC3-F5A24CA69017}.Release|Any CPU.ActiveCfg = Release|Any CPU
		{0601213F-625A-455D-BEC3-F5A24CA69017}.Release|Any CPU.Build.0 = Release|Any CPU
		{0601213F-625A-455D-BEC3-F5A24CA69017}.Release|x64.ActiveCfg = Release|Any CPU
		{0601213F-625A-455D-BEC3-F5A24CA69017}.Release|x64.Build.0 = Release|Any CPU
		{0601213F-625A-455D-BEC3-F5A24CA69017}.Release|x86.ActiveCfg = Release|Any CPU
		{0601213F-625A-455D-BEC3-F5A24CA69017}.Release|x86.Build.0 = Release|Any CPU
		{7ABDA931-4FE3-4329-A7EE-503948DEB0C6}.Debug|Any CPU.ActiveCfg = Debug|Any CPU
		{7ABDA931-4FE3-4329-A7EE-503948DEB0C6}.Debug|Any CPU.Build.0 = Debug|Any CPU
		{7ABDA931-4FE3-4329-A7EE-503948DEB0C6}.Debug|x64.ActiveCfg = Debug|Any CPU
		{7ABDA931-4FE3-4329-A7EE-503948DEB0C6}.Debug|x64.Build.0 = Debug|Any CPU
		{7ABDA931-4FE3-4329-A7EE-503948DEB0C6}.Debug|x86.ActiveCfg = Debug|Any CPU
		{7ABDA931-4FE3-4329-A7EE-503948DEB0C6}.Debug|x86.Build.0 = Debug|Any CPU
		{7ABDA931-4FE3-4329-A7EE-503948DEB0C6}.Release|Any CPU.ActiveCfg = Release|Any CPU
		{7ABDA931-4FE3-4329-A7EE-503948DEB0C6}.Release|Any CPU.Build.0 = Release|Any CPU
		{7ABDA931-4FE3-4329-A7EE-503948DEB0C6}.Release|x64.ActiveCfg = Release|Any CPU
		{7ABDA931-4FE3-4329-A7EE-503948DEB0C6}.Release|x64.Build.0 = Release|Any CPU
		{7ABDA931-4FE3-4329-A7EE-503948DEB0C6}.Release|x86.ActiveCfg = Release|Any CPU
		{7ABDA931-4FE3-4329-A7EE-503948DEB0C6}.Release|x86.Build.0 = Release|Any CPU
		{D1A2BE73-CC56-4F6C-8C52-19E37847275E}.Debug|Any CPU.ActiveCfg = Debug|Any CPU
		{D1A2BE73-CC56-4F6C-8C52-19E37847275E}.Debug|Any CPU.Build.0 = Debug|Any CPU
		{D1A2BE73-CC56-4F6C-8C52-19E37847275E}.Debug|x64.ActiveCfg = Debug|Any CPU
		{D1A2BE73-CC56-4F6C-8C52-19E37847275E}.Debug|x64.Build.0 = Debug|Any CPU
		{D1A2BE73-CC56-4F6C-8C52-19E37847275E}.Debug|x86.ActiveCfg = Debug|Any CPU
		{D1A2BE73-CC56-4F6C-8C52-19E37847275E}.Debug|x86.Build.0 = Debug|Any CPU
		{D1A2BE73-CC56-4F6C-8C52-19E37847275E}.Release|Any CPU.ActiveCfg = Release|Any CPU
		{D1A2BE73-CC56-4F6C-8C52-19E37847275E}.Release|Any CPU.Build.0 = Release|Any CPU
		{D1A2BE73-CC56-4F6C-8C52-19E37847275E}.Release|x64.ActiveCfg = Release|Any CPU
		{D1A2BE73-CC56-4F6C-8C52-19E37847275E}.Release|x64.Build.0 = Release|Any CPU
		{D1A2BE73-CC56-4F6C-8C52-19E37847275E}.Release|x86.ActiveCfg = Release|Any CPU
		{D1A2BE73-CC56-4F6C-8C52-19E37847275E}.Release|x86.Build.0 = Release|Any CPU
		{B6046CB7-2214-45E2-9369-5DB59F6457B9}.Debug|Any CPU.ActiveCfg = Debug|Any CPU
		{B6046CB7-2214-45E2-9369-5DB59F6457B9}.Debug|Any CPU.Build.0 = Debug|Any CPU
		{B6046CB7-2214-45E2-9369-5DB59F6457B9}.Debug|x64.ActiveCfg = Debug|Any CPU
		{B6046CB7-2214-45E2-9369-5DB59F6457B9}.Debug|x64.Build.0 = Debug|Any CPU
		{B6046CB7-2214-45E2-9369-5DB59F6457B9}.Debug|x86.ActiveCfg = Debug|Any CPU
		{B6046CB7-2214-45E2-9369-5DB59F6457B9}.Debug|x86.Build.0 = Debug|Any CPU
		{B6046CB7-2214-45E2-9369-5DB59F6457B9}.Release|Any CPU.ActiveCfg = Release|Any CPU
		{B6046CB7-2214-45E2-9369-5DB59F6457B9}.Release|Any CPU.Build.0 = Release|Any CPU
		{B6046CB7-2214-45E2-9369-5DB59F6457B9}.Release|x64.ActiveCfg = Release|Any CPU
		{B6046CB7-2214-45E2-9369-5DB59F6457B9}.Release|x64.Build.0 = Release|Any CPU
		{B6046CB7-2214-45E2-9369-5DB59F6457B9}.Release|x86.ActiveCfg = Release|Any CPU
		{B6046CB7-2214-45E2-9369-5DB59F6457B9}.Release|x86.Build.0 = Release|Any CPU
		{9AE7AC31-5943-4C6A-AC0D-C599CC6B7E72}.Debug|Any CPU.ActiveCfg = Debug|Any CPU
		{9AE7AC31-5943-4C6A-AC0D-C599CC6B7E72}.Debug|Any CPU.Build.0 = Debug|Any CPU
		{9AE7AC31-5943-4C6A-AC0D-C599CC6B7E72}.Debug|x64.ActiveCfg = Debug|Any CPU
		{9AE7AC31-5943-4C6A-AC0D-C599CC6B7E72}.Debug|x64.Build.0 = Debug|Any CPU
		{9AE7AC31-5943-4C6A-AC0D-C599CC6B7E72}.Debug|x86.ActiveCfg = Debug|Any CPU
		{9AE7AC31-5943-4C6A-AC0D-C599CC6B7E72}.Debug|x86.Build.0 = Debug|Any CPU
		{9AE7AC31-5943-4C6A-AC0D-C599CC6B7E72}.Release|Any CPU.ActiveCfg = Release|Any CPU
		{9AE7AC31-5943-4C6A-AC0D-C599CC6B7E72}.Release|Any CPU.Build.0 = Release|Any CPU
		{9AE7AC31-5943-4C6A-AC0D-C599CC6B7E72}.Release|x64.ActiveCfg = Release|Any CPU
		{9AE7AC31-5943-4C6A-AC0D-C599CC6B7E72}.Release|x64.Build.0 = Release|Any CPU
		{9AE7AC31-5943-4C6A-AC0D-C599CC6B7E72}.Release|x86.ActiveCfg = Release|Any CPU
		{9AE7AC31-5943-4C6A-AC0D-C599CC6B7E72}.Release|x86.Build.0 = Release|Any CPU
		{C524C657-8C35-4DEF-B608-8B5C0A003DF8}.Debug|Any CPU.ActiveCfg = Debug|Any CPU
		{C524C657-8C35-4DEF-B608-8B5C0A003DF8}.Debug|Any CPU.Build.0 = Debug|Any CPU
		{C524C657-8C35-4DEF-B608-8B5C0A003DF8}.Debug|x64.ActiveCfg = Debug|Any CPU
		{C524C657-8C35-4DEF-B608-8B5C0A003DF8}.Debug|x64.Build.0 = Debug|Any CPU
		{C524C657-8C35-4DEF-B608-8B5C0A003DF8}.Debug|x86.ActiveCfg = Debug|Any CPU
		{C524C657-8C35-4DEF-B608-8B5C0A003DF8}.Debug|x86.Build.0 = Debug|Any CPU
		{C524C657-8C35-4DEF-B608-8B5C0A003DF8}.Release|Any CPU.ActiveCfg = Release|Any CPU
		{C524C657-8C35-4DEF-B608-8B5C0A003DF8}.Release|Any CPU.Build.0 = Release|Any CPU
		{C524C657-8C35-4DEF-B608-8B5C0A003DF8}.Release|x64.ActiveCfg = Release|Any CPU
		{C524C657-8C35-4DEF-B608-8B5C0A003DF8}.Release|x64.Build.0 = Release|Any CPU
		{C524C657-8C35-4DEF-B608-8B5C0A003DF8}.Release|x86.ActiveCfg = Release|Any CPU
		{C524C657-8C35-4DEF-B608-8B5C0A003DF8}.Release|x86.Build.0 = Release|Any CPU
		{DDD69CB4-6A83-43B0-B481-4A0A08D8FCD5}.Debug|Any CPU.ActiveCfg = Debug|Any CPU
		{DDD69CB4-6A83-43B0-B481-4A0A08D8FCD5}.Debug|Any CPU.Build.0 = Debug|Any CPU
		{DDD69CB4-6A83-43B0-B481-4A0A08D8FCD5}.Debug|x64.ActiveCfg = Debug|Any CPU
		{DDD69CB4-6A83-43B0-B481-4A0A08D8FCD5}.Debug|x64.Build.0 = Debug|Any CPU
		{DDD69CB4-6A83-43B0-B481-4A0A08D8FCD5}.Debug|x86.ActiveCfg = Debug|Any CPU
		{DDD69CB4-6A83-43B0-B481-4A0A08D8FCD5}.Debug|x86.Build.0 = Debug|Any CPU
		{DDD69CB4-6A83-43B0-B481-4A0A08D8FCD5}.Release|Any CPU.ActiveCfg = Release|Any CPU
		{DDD69CB4-6A83-43B0-B481-4A0A08D8FCD5}.Release|Any CPU.Build.0 = Release|Any CPU
		{DDD69CB4-6A83-43B0-B481-4A0A08D8FCD5}.Release|x64.ActiveCfg = Release|Any CPU
		{DDD69CB4-6A83-43B0-B481-4A0A08D8FCD5}.Release|x64.Build.0 = Release|Any CPU
		{DDD69CB4-6A83-43B0-B481-4A0A08D8FCD5}.Release|x86.ActiveCfg = Release|Any CPU
		{DDD69CB4-6A83-43B0-B481-4A0A08D8FCD5}.Release|x86.Build.0 = Release|Any CPU
		{F6351B7A-96BC-4251-82BF-C82136B23A5B}.Debug|Any CPU.ActiveCfg = Debug|Any CPU
		{F6351B7A-96BC-4251-82BF-C82136B23A5B}.Debug|Any CPU.Build.0 = Debug|Any CPU
		{F6351B7A-96BC-4251-82BF-C82136B23A5B}.Debug|x64.ActiveCfg = Debug|Any CPU
		{F6351B7A-96BC-4251-82BF-C82136B23A5B}.Debug|x64.Build.0 = Debug|Any CPU
		{F6351B7A-96BC-4251-82BF-C82136B23A5B}.Debug|x86.ActiveCfg = Debug|Any CPU
		{F6351B7A-96BC-4251-82BF-C82136B23A5B}.Debug|x86.Build.0 = Debug|Any CPU
		{F6351B7A-96BC-4251-82BF-C82136B23A5B}.Release|Any CPU.ActiveCfg = Release|Any CPU
		{F6351B7A-96BC-4251-82BF-C82136B23A5B}.Release|Any CPU.Build.0 = Release|Any CPU
		{F6351B7A-96BC-4251-82BF-C82136B23A5B}.Release|x64.ActiveCfg = Release|Any CPU
		{F6351B7A-96BC-4251-82BF-C82136B23A5B}.Release|x64.Build.0 = Release|Any CPU
		{F6351B7A-96BC-4251-82BF-C82136B23A5B}.Release|x86.ActiveCfg = Release|Any CPU
		{F6351B7A-96BC-4251-82BF-C82136B23A5B}.Release|x86.Build.0 = Release|Any CPU
		{3C46E8F6-5831-43BA-BBBE-3C041F4BD7C8}.Debug|Any CPU.ActiveCfg = Debug|Any CPU
		{3C46E8F6-5831-43BA-BBBE-3C041F4BD7C8}.Debug|Any CPU.Build.0 = Debug|Any CPU
		{3C46E8F6-5831-43BA-BBBE-3C041F4BD7C8}.Debug|x64.ActiveCfg = Debug|Any CPU
		{3C46E8F6-5831-43BA-BBBE-3C041F4BD7C8}.Debug|x64.Build.0 = Debug|Any CPU
		{3C46E8F6-5831-43BA-BBBE-3C041F4BD7C8}.Debug|x86.ActiveCfg = Debug|Any CPU
		{3C46E8F6-5831-43BA-BBBE-3C041F4BD7C8}.Debug|x86.Build.0 = Debug|Any CPU
		{3C46E8F6-5831-43BA-BBBE-3C041F4BD7C8}.Release|Any CPU.ActiveCfg = Release|Any CPU
		{3C46E8F6-5831-43BA-BBBE-3C041F4BD7C8}.Release|Any CPU.Build.0 = Release|Any CPU
		{3C46E8F6-5831-43BA-BBBE-3C041F4BD7C8}.Release|x64.ActiveCfg = Release|Any CPU
		{3C46E8F6-5831-43BA-BBBE-3C041F4BD7C8}.Release|x64.Build.0 = Release|Any CPU
		{3C46E8F6-5831-43BA-BBBE-3C041F4BD7C8}.Release|x86.ActiveCfg = Release|Any CPU
		{3C46E8F6-5831-43BA-BBBE-3C041F4BD7C8}.Release|x86.Build.0 = Release|Any CPU
		{13C9CCA9-EC0A-4D76-B5BE-41A9D897C049}.Debug|Any CPU.ActiveCfg = Debug|Any CPU
		{13C9CCA9-EC0A-4D76-B5BE-41A9D897C049}.Debug|Any CPU.Build.0 = Debug|Any CPU
		{13C9CCA9-EC0A-4D76-B5BE-41A9D897C049}.Debug|x64.ActiveCfg = Debug|Any CPU
		{13C9CCA9-EC0A-4D76-B5BE-41A9D897C049}.Debug|x64.Build.0 = Debug|Any CPU
		{13C9CCA9-EC0A-4D76-B5BE-41A9D897C049}.Debug|x86.ActiveCfg = Debug|Any CPU
		{13C9CCA9-EC0A-4D76-B5BE-41A9D897C049}.Debug|x86.Build.0 = Debug|Any CPU
		{13C9CCA9-EC0A-4D76-B5BE-41A9D897C049}.Release|Any CPU.ActiveCfg = Release|Any CPU
		{13C9CCA9-EC0A-4D76-B5BE-41A9D897C049}.Release|Any CPU.Build.0 = Release|Any CPU
		{13C9CCA9-EC0A-4D76-B5BE-41A9D897C049}.Release|x64.ActiveCfg = Release|Any CPU
		{13C9CCA9-EC0A-4D76-B5BE-41A9D897C049}.Release|x64.Build.0 = Release|Any CPU
		{13C9CCA9-EC0A-4D76-B5BE-41A9D897C049}.Release|x86.ActiveCfg = Release|Any CPU
		{13C9CCA9-EC0A-4D76-B5BE-41A9D897C049}.Release|x86.Build.0 = Release|Any CPU
		{E3349BEE-2CA2-406E-99FB-24575E21EA18}.Debug|Any CPU.ActiveCfg = Debug|Any CPU
		{E3349BEE-2CA2-406E-99FB-24575E21EA18}.Debug|Any CPU.Build.0 = Debug|Any CPU
		{E3349BEE-2CA2-406E-99FB-24575E21EA18}.Debug|x64.ActiveCfg = Debug|Any CPU
		{E3349BEE-2CA2-406E-99FB-24575E21EA18}.Debug|x64.Build.0 = Debug|Any CPU
		{E3349BEE-2CA2-406E-99FB-24575E21EA18}.Debug|x86.ActiveCfg = Debug|Any CPU
		{E3349BEE-2CA2-406E-99FB-24575E21EA18}.Debug|x86.Build.0 = Debug|Any CPU
		{E3349BEE-2CA2-406E-99FB-24575E21EA18}.Release|Any CPU.ActiveCfg = Release|Any CPU
		{E3349BEE-2CA2-406E-99FB-24575E21EA18}.Release|Any CPU.Build.0 = Release|Any CPU
		{E3349BEE-2CA2-406E-99FB-24575E21EA18}.Release|x64.ActiveCfg = Release|Any CPU
		{E3349BEE-2CA2-406E-99FB-24575E21EA18}.Release|x64.Build.0 = Release|Any CPU
		{E3349BEE-2CA2-406E-99FB-24575E21EA18}.Release|x86.ActiveCfg = Release|Any CPU
		{E3349BEE-2CA2-406E-99FB-24575E21EA18}.Release|x86.Build.0 = Release|Any CPU
		{62454EC5-78A4-4AD1-B068-3A7CC3E5CB81}.Debug|Any CPU.ActiveCfg = Debug|Any CPU
		{62454EC5-78A4-4AD1-B068-3A7CC3E5CB81}.Debug|Any CPU.Build.0 = Debug|Any CPU
		{62454EC5-78A4-4AD1-B068-3A7CC3E5CB81}.Debug|x64.ActiveCfg = Debug|Any CPU
		{62454EC5-78A4-4AD1-B068-3A7CC3E5CB81}.Debug|x64.Build.0 = Debug|Any CPU
		{62454EC5-78A4-4AD1-B068-3A7CC3E5CB81}.Debug|x86.ActiveCfg = Debug|Any CPU
		{62454EC5-78A4-4AD1-B068-3A7CC3E5CB81}.Debug|x86.Build.0 = Debug|Any CPU
		{62454EC5-78A4-4AD1-B068-3A7CC3E5CB81}.Release|Any CPU.ActiveCfg = Release|Any CPU
		{62454EC5-78A4-4AD1-B068-3A7CC3E5CB81}.Release|Any CPU.Build.0 = Release|Any CPU
		{62454EC5-78A4-4AD1-B068-3A7CC3E5CB81}.Release|x64.ActiveCfg = Release|Any CPU
		{62454EC5-78A4-4AD1-B068-3A7CC3E5CB81}.Release|x64.Build.0 = Release|Any CPU
		{62454EC5-78A4-4AD1-B068-3A7CC3E5CB81}.Release|x86.ActiveCfg = Release|Any CPU
		{62454EC5-78A4-4AD1-B068-3A7CC3E5CB81}.Release|x86.Build.0 = Release|Any CPU
		{02A6F796-D804-41EB-9159-56FC547A6848}.Debug|Any CPU.ActiveCfg = Debug|Any CPU
		{02A6F796-D804-41EB-9159-56FC547A6848}.Debug|Any CPU.Build.0 = Debug|Any CPU
		{02A6F796-D804-41EB-9159-56FC547A6848}.Debug|x64.ActiveCfg = Debug|Any CPU
		{02A6F796-D804-41EB-9159-56FC547A6848}.Debug|x64.Build.0 = Debug|Any CPU
		{02A6F796-D804-41EB-9159-56FC547A6848}.Debug|x86.ActiveCfg = Debug|Any CPU
		{02A6F796-D804-41EB-9159-56FC547A6848}.Debug|x86.Build.0 = Debug|Any CPU
		{02A6F796-D804-41EB-9159-56FC547A6848}.Release|Any CPU.ActiveCfg = Release|Any CPU
		{02A6F796-D804-41EB-9159-56FC547A6848}.Release|Any CPU.Build.0 = Release|Any CPU
		{02A6F796-D804-41EB-9159-56FC547A6848}.Release|x64.ActiveCfg = Release|Any CPU
		{02A6F796-D804-41EB-9159-56FC547A6848}.Release|x64.Build.0 = Release|Any CPU
		{02A6F796-D804-41EB-9159-56FC547A6848}.Release|x86.ActiveCfg = Release|Any CPU
		{02A6F796-D804-41EB-9159-56FC547A6848}.Release|x86.Build.0 = Release|Any CPU
		{AA7F8904-047E-42DC-840C-838E7059C37B}.Debug|Any CPU.ActiveCfg = Debug|Any CPU
		{AA7F8904-047E-42DC-840C-838E7059C37B}.Debug|Any CPU.Build.0 = Debug|Any CPU
		{AA7F8904-047E-42DC-840C-838E7059C37B}.Debug|x64.ActiveCfg = Debug|Any CPU
		{AA7F8904-047E-42DC-840C-838E7059C37B}.Debug|x64.Build.0 = Debug|Any CPU
		{AA7F8904-047E-42DC-840C-838E7059C37B}.Debug|x86.ActiveCfg = Debug|Any CPU
		{AA7F8904-047E-42DC-840C-838E7059C37B}.Debug|x86.Build.0 = Debug|Any CPU
		{AA7F8904-047E-42DC-840C-838E7059C37B}.Release|Any CPU.ActiveCfg = Release|Any CPU
		{AA7F8904-047E-42DC-840C-838E7059C37B}.Release|Any CPU.Build.0 = Release|Any CPU
		{AA7F8904-047E-42DC-840C-838E7059C37B}.Release|x64.ActiveCfg = Release|Any CPU
		{AA7F8904-047E-42DC-840C-838E7059C37B}.Release|x64.Build.0 = Release|Any CPU
		{AA7F8904-047E-42DC-840C-838E7059C37B}.Release|x86.ActiveCfg = Release|Any CPU
		{AA7F8904-047E-42DC-840C-838E7059C37B}.Release|x86.Build.0 = Release|Any CPU
		{DD90C65D-6329-4FC4-A72A-72632F706A4A}.Debug|Any CPU.ActiveCfg = Debug|Any CPU
		{DD90C65D-6329-4FC4-A72A-72632F706A4A}.Debug|Any CPU.Build.0 = Debug|Any CPU
		{DD90C65D-6329-4FC4-A72A-72632F706A4A}.Debug|x64.ActiveCfg = Debug|Any CPU
		{DD90C65D-6329-4FC4-A72A-72632F706A4A}.Debug|x64.Build.0 = Debug|Any CPU
		{DD90C65D-6329-4FC4-A72A-72632F706A4A}.Debug|x86.ActiveCfg = Debug|Any CPU
		{DD90C65D-6329-4FC4-A72A-72632F706A4A}.Debug|x86.Build.0 = Debug|Any CPU
		{DD90C65D-6329-4FC4-A72A-72632F706A4A}.Release|Any CPU.ActiveCfg = Release|Any CPU
		{DD90C65D-6329-4FC4-A72A-72632F706A4A}.Release|Any CPU.Build.0 = Release|Any CPU
		{DD90C65D-6329-4FC4-A72A-72632F706A4A}.Release|x64.ActiveCfg = Release|Any CPU
		{DD90C65D-6329-4FC4-A72A-72632F706A4A}.Release|x64.Build.0 = Release|Any CPU
		{DD90C65D-6329-4FC4-A72A-72632F706A4A}.Release|x86.ActiveCfg = Release|Any CPU
		{DD90C65D-6329-4FC4-A72A-72632F706A4A}.Release|x86.Build.0 = Release|Any CPU
		{F58FA7EB-8BF3-470E-952F-A2973AF17900}.Debug|Any CPU.ActiveCfg = Debug|Any CPU
		{F58FA7EB-8BF3-470E-952F-A2973AF17900}.Debug|Any CPU.Build.0 = Debug|Any CPU
		{F58FA7EB-8BF3-470E-952F-A2973AF17900}.Debug|x64.ActiveCfg = Debug|Any CPU
		{F58FA7EB-8BF3-470E-952F-A2973AF17900}.Debug|x64.Build.0 = Debug|Any CPU
		{F58FA7EB-8BF3-470E-952F-A2973AF17900}.Debug|x86.ActiveCfg = Debug|Any CPU
		{F58FA7EB-8BF3-470E-952F-A2973AF17900}.Debug|x86.Build.0 = Debug|Any CPU
		{F58FA7EB-8BF3-470E-952F-A2973AF17900}.Release|Any CPU.ActiveCfg = Release|Any CPU
		{F58FA7EB-8BF3-470E-952F-A2973AF17900}.Release|Any CPU.Build.0 = Release|Any CPU
		{F58FA7EB-8BF3-470E-952F-A2973AF17900}.Release|x64.ActiveCfg = Release|Any CPU
		{F58FA7EB-8BF3-470E-952F-A2973AF17900}.Release|x64.Build.0 = Release|Any CPU
		{F58FA7EB-8BF3-470E-952F-A2973AF17900}.Release|x86.ActiveCfg = Release|Any CPU
		{F58FA7EB-8BF3-470E-952F-A2973AF17900}.Release|x86.Build.0 = Release|Any CPU
		{4BA3AFD4-3739-41B3-99A3-FFC2F9CBA836}.Debug|Any CPU.ActiveCfg = Debug|Any CPU
		{4BA3AFD4-3739-41B3-99A3-FFC2F9CBA836}.Debug|Any CPU.Build.0 = Debug|Any CPU
		{4BA3AFD4-3739-41B3-99A3-FFC2F9CBA836}.Debug|x64.ActiveCfg = Debug|Any CPU
		{4BA3AFD4-3739-41B3-99A3-FFC2F9CBA836}.Debug|x64.Build.0 = Debug|Any CPU
		{4BA3AFD4-3739-41B3-99A3-FFC2F9CBA836}.Debug|x86.ActiveCfg = Debug|Any CPU
		{4BA3AFD4-3739-41B3-99A3-FFC2F9CBA836}.Debug|x86.Build.0 = Debug|Any CPU
		{4BA3AFD4-3739-41B3-99A3-FFC2F9CBA836}.Release|Any CPU.ActiveCfg = Release|Any CPU
		{4BA3AFD4-3739-41B3-99A3-FFC2F9CBA836}.Release|Any CPU.Build.0 = Release|Any CPU
		{4BA3AFD4-3739-41B3-99A3-FFC2F9CBA836}.Release|x64.ActiveCfg = Release|Any CPU
		{4BA3AFD4-3739-41B3-99A3-FFC2F9CBA836}.Release|x64.Build.0 = Release|Any CPU
		{4BA3AFD4-3739-41B3-99A3-FFC2F9CBA836}.Release|x86.ActiveCfg = Release|Any CPU
		{4BA3AFD4-3739-41B3-99A3-FFC2F9CBA836}.Release|x86.Build.0 = Release|Any CPU
		{2FA40941-9DB6-47D9-9EB8-82C19F9F2E55}.Debug|Any CPU.ActiveCfg = Debug|Any CPU
		{2FA40941-9DB6-47D9-9EB8-82C19F9F2E55}.Debug|Any CPU.Build.0 = Debug|Any CPU
		{2FA40941-9DB6-47D9-9EB8-82C19F9F2E55}.Debug|x64.ActiveCfg = Debug|Any CPU
		{2FA40941-9DB6-47D9-9EB8-82C19F9F2E55}.Debug|x64.Build.0 = Debug|Any CPU
		{2FA40941-9DB6-47D9-9EB8-82C19F9F2E55}.Debug|x86.ActiveCfg = Debug|Any CPU
		{2FA40941-9DB6-47D9-9EB8-82C19F9F2E55}.Debug|x86.Build.0 = Debug|Any CPU
		{2FA40941-9DB6-47D9-9EB8-82C19F9F2E55}.Release|Any CPU.ActiveCfg = Release|Any CPU
		{2FA40941-9DB6-47D9-9EB8-82C19F9F2E55}.Release|Any CPU.Build.0 = Release|Any CPU
		{2FA40941-9DB6-47D9-9EB8-82C19F9F2E55}.Release|x64.ActiveCfg = Release|Any CPU
		{2FA40941-9DB6-47D9-9EB8-82C19F9F2E55}.Release|x64.Build.0 = Release|Any CPU
		{2FA40941-9DB6-47D9-9EB8-82C19F9F2E55}.Release|x86.ActiveCfg = Release|Any CPU
		{2FA40941-9DB6-47D9-9EB8-82C19F9F2E55}.Release|x86.Build.0 = Release|Any CPU
		{647804ED-AE5B-4C0A-A36B-DDD456AF67C6}.Debug|Any CPU.ActiveCfg = Debug|Any CPU
		{647804ED-AE5B-4C0A-A36B-DDD456AF67C6}.Debug|Any CPU.Build.0 = Debug|Any CPU
		{647804ED-AE5B-4C0A-A36B-DDD456AF67C6}.Debug|x64.ActiveCfg = Debug|Any CPU
		{647804ED-AE5B-4C0A-A36B-DDD456AF67C6}.Debug|x64.Build.0 = Debug|Any CPU
		{647804ED-AE5B-4C0A-A36B-DDD456AF67C6}.Debug|x86.ActiveCfg = Debug|Any CPU
		{647804ED-AE5B-4C0A-A36B-DDD456AF67C6}.Debug|x86.Build.0 = Debug|Any CPU
		{647804ED-AE5B-4C0A-A36B-DDD456AF67C6}.Release|Any CPU.ActiveCfg = Release|Any CPU
		{647804ED-AE5B-4C0A-A36B-DDD456AF67C6}.Release|Any CPU.Build.0 = Release|Any CPU
		{647804ED-AE5B-4C0A-A36B-DDD456AF67C6}.Release|x64.ActiveCfg = Release|Any CPU
		{647804ED-AE5B-4C0A-A36B-DDD456AF67C6}.Release|x64.Build.0 = Release|Any CPU
		{647804ED-AE5B-4C0A-A36B-DDD456AF67C6}.Release|x86.ActiveCfg = Release|Any CPU
		{647804ED-AE5B-4C0A-A36B-DDD456AF67C6}.Release|x86.Build.0 = Release|Any CPU
		{1B6B58D0-2C29-4F27-9DA9-65D37CA5F9B3}.Debug|Any CPU.ActiveCfg = Debug|Any CPU
		{1B6B58D0-2C29-4F27-9DA9-65D37CA5F9B3}.Debug|Any CPU.Build.0 = Debug|Any CPU
		{1B6B58D0-2C29-4F27-9DA9-65D37CA5F9B3}.Debug|x64.ActiveCfg = Debug|Any CPU
		{1B6B58D0-2C29-4F27-9DA9-65D37CA5F9B3}.Debug|x64.Build.0 = Debug|Any CPU
		{1B6B58D0-2C29-4F27-9DA9-65D37CA5F9B3}.Debug|x86.ActiveCfg = Debug|Any CPU
		{1B6B58D0-2C29-4F27-9DA9-65D37CA5F9B3}.Debug|x86.Build.0 = Debug|Any CPU
		{1B6B58D0-2C29-4F27-9DA9-65D37CA5F9B3}.Release|Any CPU.ActiveCfg = Release|Any CPU
		{1B6B58D0-2C29-4F27-9DA9-65D37CA5F9B3}.Release|Any CPU.Build.0 = Release|Any CPU
		{1B6B58D0-2C29-4F27-9DA9-65D37CA5F9B3}.Release|x64.ActiveCfg = Release|Any CPU
		{1B6B58D0-2C29-4F27-9DA9-65D37CA5F9B3}.Release|x64.Build.0 = Release|Any CPU
		{1B6B58D0-2C29-4F27-9DA9-65D37CA5F9B3}.Release|x86.ActiveCfg = Release|Any CPU
		{1B6B58D0-2C29-4F27-9DA9-65D37CA5F9B3}.Release|x86.Build.0 = Release|Any CPU
		{4CFB5920-8A10-42E3-98C5-F47D9F2EE16D}.Debug|Any CPU.ActiveCfg = Debug|Any CPU
		{4CFB5920-8A10-42E3-98C5-F47D9F2EE16D}.Debug|Any CPU.Build.0 = Debug|Any CPU
		{4CFB5920-8A10-42E3-98C5-F47D9F2EE16D}.Debug|x64.ActiveCfg = Debug|Any CPU
		{4CFB5920-8A10-42E3-98C5-F47D9F2EE16D}.Debug|x64.Build.0 = Debug|Any CPU
		{4CFB5920-8A10-42E3-98C5-F47D9F2EE16D}.Debug|x86.ActiveCfg = Debug|Any CPU
		{4CFB5920-8A10-42E3-98C5-F47D9F2EE16D}.Debug|x86.Build.0 = Debug|Any CPU
		{4CFB5920-8A10-42E3-98C5-F47D9F2EE16D}.Release|Any CPU.ActiveCfg = Release|Any CPU
		{4CFB5920-8A10-42E3-98C5-F47D9F2EE16D}.Release|Any CPU.Build.0 = Release|Any CPU
		{4CFB5920-8A10-42E3-98C5-F47D9F2EE16D}.Release|x64.ActiveCfg = Release|Any CPU
		{4CFB5920-8A10-42E3-98C5-F47D9F2EE16D}.Release|x64.Build.0 = Release|Any CPU
		{4CFB5920-8A10-42E3-98C5-F47D9F2EE16D}.Release|x86.ActiveCfg = Release|Any CPU
		{4CFB5920-8A10-42E3-98C5-F47D9F2EE16D}.Release|x86.Build.0 = Release|Any CPU
		{B4EC1347-8D10-48B2-B439-F336225FAD15}.Debug|Any CPU.ActiveCfg = Debug|Any CPU
		{B4EC1347-8D10-48B2-B439-F336225FAD15}.Debug|Any CPU.Build.0 = Debug|Any CPU
		{B4EC1347-8D10-48B2-B439-F336225FAD15}.Debug|x64.ActiveCfg = Debug|Any CPU
		{B4EC1347-8D10-48B2-B439-F336225FAD15}.Debug|x64.Build.0 = Debug|Any CPU
		{B4EC1347-8D10-48B2-B439-F336225FAD15}.Debug|x86.ActiveCfg = Debug|Any CPU
		{B4EC1347-8D10-48B2-B439-F336225FAD15}.Debug|x86.Build.0 = Debug|Any CPU
		{B4EC1347-8D10-48B2-B439-F336225FAD15}.Release|Any CPU.ActiveCfg = Release|Any CPU
		{B4EC1347-8D10-48B2-B439-F336225FAD15}.Release|Any CPU.Build.0 = Release|Any CPU
		{B4EC1347-8D10-48B2-B439-F336225FAD15}.Release|x64.ActiveCfg = Release|Any CPU
		{B4EC1347-8D10-48B2-B439-F336225FAD15}.Release|x64.Build.0 = Release|Any CPU
		{B4EC1347-8D10-48B2-B439-F336225FAD15}.Release|x86.ActiveCfg = Release|Any CPU
		{B4EC1347-8D10-48B2-B439-F336225FAD15}.Release|x86.Build.0 = Release|Any CPU
		{5B411611-5C3B-4A0B-A920-9D68AC67CF6F}.Debug|Any CPU.ActiveCfg = Debug|Any CPU
		{5B411611-5C3B-4A0B-A920-9D68AC67CF6F}.Debug|Any CPU.Build.0 = Debug|Any CPU
		{5B411611-5C3B-4A0B-A920-9D68AC67CF6F}.Debug|x64.ActiveCfg = Debug|Any CPU
		{5B411611-5C3B-4A0B-A920-9D68AC67CF6F}.Debug|x64.Build.0 = Debug|Any CPU
		{5B411611-5C3B-4A0B-A920-9D68AC67CF6F}.Debug|x86.ActiveCfg = Debug|Any CPU
		{5B411611-5C3B-4A0B-A920-9D68AC67CF6F}.Debug|x86.Build.0 = Debug|Any CPU
		{5B411611-5C3B-4A0B-A920-9D68AC67CF6F}.Release|Any CPU.ActiveCfg = Release|Any CPU
		{5B411611-5C3B-4A0B-A920-9D68AC67CF6F}.Release|Any CPU.Build.0 = Release|Any CPU
		{5B411611-5C3B-4A0B-A920-9D68AC67CF6F}.Release|x64.ActiveCfg = Release|Any CPU
		{5B411611-5C3B-4A0B-A920-9D68AC67CF6F}.Release|x64.Build.0 = Release|Any CPU
		{5B411611-5C3B-4A0B-A920-9D68AC67CF6F}.Release|x86.ActiveCfg = Release|Any CPU
		{5B411611-5C3B-4A0B-A920-9D68AC67CF6F}.Release|x86.Build.0 = Release|Any CPU
		{F5BC68BB-616B-41A2-95C5-C02E78ED4BF1}.Debug|Any CPU.ActiveCfg = Debug|Any CPU
		{F5BC68BB-616B-41A2-95C5-C02E78ED4BF1}.Debug|Any CPU.Build.0 = Debug|Any CPU
		{F5BC68BB-616B-41A2-95C5-C02E78ED4BF1}.Debug|x64.ActiveCfg = Debug|Any CPU
		{F5BC68BB-616B-41A2-95C5-C02E78ED4BF1}.Debug|x64.Build.0 = Debug|Any CPU
		{F5BC68BB-616B-41A2-95C5-C02E78ED4BF1}.Debug|x86.ActiveCfg = Debug|Any CPU
		{F5BC68BB-616B-41A2-95C5-C02E78ED4BF1}.Debug|x86.Build.0 = Debug|Any CPU
		{F5BC68BB-616B-41A2-95C5-C02E78ED4BF1}.Release|Any CPU.ActiveCfg = Release|Any CPU
		{F5BC68BB-616B-41A2-95C5-C02E78ED4BF1}.Release|Any CPU.Build.0 = Release|Any CPU
		{F5BC68BB-616B-41A2-95C5-C02E78ED4BF1}.Release|x64.ActiveCfg = Release|Any CPU
		{F5BC68BB-616B-41A2-95C5-C02E78ED4BF1}.Release|x64.Build.0 = Release|Any CPU
		{F5BC68BB-616B-41A2-95C5-C02E78ED4BF1}.Release|x86.ActiveCfg = Release|Any CPU
		{F5BC68BB-616B-41A2-95C5-C02E78ED4BF1}.Release|x86.Build.0 = Release|Any CPU
		{0F284468-E2BC-476B-830B-111055BEC109}.Debug|Any CPU.ActiveCfg = Debug|Any CPU
		{0F284468-E2BC-476B-830B-111055BEC109}.Debug|Any CPU.Build.0 = Debug|Any CPU
		{0F284468-E2BC-476B-830B-111055BEC109}.Debug|x64.ActiveCfg = Debug|Any CPU
		{0F284468-E2BC-476B-830B-111055BEC109}.Debug|x64.Build.0 = Debug|Any CPU
		{0F284468-E2BC-476B-830B-111055BEC109}.Debug|x86.ActiveCfg = Debug|Any CPU
		{0F284468-E2BC-476B-830B-111055BEC109}.Debug|x86.Build.0 = Debug|Any CPU
		{0F284468-E2BC-476B-830B-111055BEC109}.Release|Any CPU.ActiveCfg = Release|Any CPU
		{0F284468-E2BC-476B-830B-111055BEC109}.Release|Any CPU.Build.0 = Release|Any CPU
		{0F284468-E2BC-476B-830B-111055BEC109}.Release|x64.ActiveCfg = Release|Any CPU
		{0F284468-E2BC-476B-830B-111055BEC109}.Release|x64.Build.0 = Release|Any CPU
		{0F284468-E2BC-476B-830B-111055BEC109}.Release|x86.ActiveCfg = Release|Any CPU
		{0F284468-E2BC-476B-830B-111055BEC109}.Release|x86.Build.0 = Release|Any CPU
		{4A6B2A07-CE91-444A-AD3C-1A1EFD8D61E7}.Debug|Any CPU.ActiveCfg = Debug|Any CPU
		{4A6B2A07-CE91-444A-AD3C-1A1EFD8D61E7}.Debug|Any CPU.Build.0 = Debug|Any CPU
		{4A6B2A07-CE91-444A-AD3C-1A1EFD8D61E7}.Debug|x64.ActiveCfg = Debug|Any CPU
		{4A6B2A07-CE91-444A-AD3C-1A1EFD8D61E7}.Debug|x64.Build.0 = Debug|Any CPU
		{4A6B2A07-CE91-444A-AD3C-1A1EFD8D61E7}.Debug|x86.ActiveCfg = Debug|Any CPU
		{4A6B2A07-CE91-444A-AD3C-1A1EFD8D61E7}.Debug|x86.Build.0 = Debug|Any CPU
		{4A6B2A07-CE91-444A-AD3C-1A1EFD8D61E7}.Release|Any CPU.ActiveCfg = Release|Any CPU
		{4A6B2A07-CE91-444A-AD3C-1A1EFD8D61E7}.Release|Any CPU.Build.0 = Release|Any CPU
		{4A6B2A07-CE91-444A-AD3C-1A1EFD8D61E7}.Release|x64.ActiveCfg = Release|Any CPU
		{4A6B2A07-CE91-444A-AD3C-1A1EFD8D61E7}.Release|x64.Build.0 = Release|Any CPU
		{4A6B2A07-CE91-444A-AD3C-1A1EFD8D61E7}.Release|x86.ActiveCfg = Release|Any CPU
		{4A6B2A07-CE91-444A-AD3C-1A1EFD8D61E7}.Release|x86.Build.0 = Release|Any CPU
		{9BD00FDF-E573-4941-9657-5DBAC042F139}.Debug|Any CPU.ActiveCfg = Debug|Any CPU
		{9BD00FDF-E573-4941-9657-5DBAC042F139}.Debug|Any CPU.Build.0 = Debug|Any CPU
		{9BD00FDF-E573-4941-9657-5DBAC042F139}.Debug|x64.ActiveCfg = Debug|Any CPU
		{9BD00FDF-E573-4941-9657-5DBAC042F139}.Debug|x64.Build.0 = Debug|Any CPU
		{9BD00FDF-E573-4941-9657-5DBAC042F139}.Debug|x86.ActiveCfg = Debug|Any CPU
		{9BD00FDF-E573-4941-9657-5DBAC042F139}.Debug|x86.Build.0 = Debug|Any CPU
		{9BD00FDF-E573-4941-9657-5DBAC042F139}.Release|Any CPU.ActiveCfg = Release|Any CPU
		{9BD00FDF-E573-4941-9657-5DBAC042F139}.Release|Any CPU.Build.0 = Release|Any CPU
		{9BD00FDF-E573-4941-9657-5DBAC042F139}.Release|x64.ActiveCfg = Release|Any CPU
		{9BD00FDF-E573-4941-9657-5DBAC042F139}.Release|x64.Build.0 = Release|Any CPU
		{9BD00FDF-E573-4941-9657-5DBAC042F139}.Release|x86.ActiveCfg = Release|Any CPU
		{9BD00FDF-E573-4941-9657-5DBAC042F139}.Release|x86.Build.0 = Release|Any CPU
	EndGlobalSection
	GlobalSection(SolutionProperties) = preSolution
		HideSolutionNode = FALSE
	EndGlobalSection
	GlobalSection(NestedProjects) = preSolution
		{5F591D0F-A9C6-4044-8E37-FAF1110157B5} = {FA4D3BF2-0359-408C-B8CB-6A6A3DCF0D6A}
		{B04B2482-9A20-4302-B95D-2AACE3D0AFBE} = {FA4D3BF2-0359-408C-B8CB-6A6A3DCF0D6A}
		{FCEA884E-DB52-48C2-BD6D-47088788D374} = {FA4D3BF2-0359-408C-B8CB-6A6A3DCF0D6A}
		{DB05E30A-18E4-41FC-8256-D5F45B7B6394} = {FA4D3BF2-0359-408C-B8CB-6A6A3DCF0D6A}
		{ACB82D51-ED3E-4034-8AED-C61AC527C6BF} = {FA4D3BF2-0359-408C-B8CB-6A6A3DCF0D6A}
		{A5932814-E3DD-4E9E-970A-6748028FE28E} = {FA4D3BF2-0359-408C-B8CB-6A6A3DCF0D6A}
		{7468DF18-BED9-4E0B-9BF3-AAF50167F5A2} = {FA4D3BF2-0359-408C-B8CB-6A6A3DCF0D6A}
		{5D89892A-616D-4F9E-AD63-C04FA2DDF2EC} = {FA4D3BF2-0359-408C-B8CB-6A6A3DCF0D6A}
		{14401111-0FDA-404C-8A9D-9A07EE1B09E0} = {FA4D3BF2-0359-408C-B8CB-6A6A3DCF0D6A}
		{610907C0-171A-41A7-A631-59B190BDB42B} = {FA4D3BF2-0359-408C-B8CB-6A6A3DCF0D6A}
		{E785F2C3-F012-4CE4-ABB2-CDB9A77F00A2} = {FA4D3BF2-0359-408C-B8CB-6A6A3DCF0D6A}
		{41E54AEB-2032-4418-90AF-4FC7774E15C1} = {FA4D3BF2-0359-408C-B8CB-6A6A3DCF0D6A}
		{9DF10D82-C547-4DD9-8090-97CE2E96EFBC} = {FA4D3BF2-0359-408C-B8CB-6A6A3DCF0D6A}
		{5BB9057D-C378-4ED6-80A8-447E3CEDD052} = {FA4D3BF2-0359-408C-B8CB-6A6A3DCF0D6A}
		{9382DDC8-D770-4BA1-90DB-F69B85D5858F} = {FA4D3BF2-0359-408C-B8CB-6A6A3DCF0D6A}
		{F3ACAF9C-5CCD-4327-BC5B-A34D204F980B} = {FA4D3BF2-0359-408C-B8CB-6A6A3DCF0D6A}
		{D0613B3F-FC06-4FEE-A8CD-B4BE3B9254AB} = {FA4D3BF2-0359-408C-B8CB-6A6A3DCF0D6A}
		{4B574011-49B5-4A43-BDC1-F8BB7EB5EEE2} = {FA4D3BF2-0359-408C-B8CB-6A6A3DCF0D6A}
		{0BC5A966-3FF4-4A0E-97CB-406FBC94C1D7} = {FA4D3BF2-0359-408C-B8CB-6A6A3DCF0D6A}
		{BB4D188D-E44C-4E9E-954E-54996719731D} = {FA4D3BF2-0359-408C-B8CB-6A6A3DCF0D6A}
		{761635A0-EC2E-4E85-A144-A6618D16824A} = {FA4D3BF2-0359-408C-B8CB-6A6A3DCF0D6A}
		{0601213F-625A-455D-BEC3-F5A24CA69017} = {FA4D3BF2-0359-408C-B8CB-6A6A3DCF0D6A}
		{7ABDA931-4FE3-4329-A7EE-503948DEB0C6} = {FA4D3BF2-0359-408C-B8CB-6A6A3DCF0D6A}
		{D1A2BE73-CC56-4F6C-8C52-19E37847275E} = {FA4D3BF2-0359-408C-B8CB-6A6A3DCF0D6A}
		{B6046CB7-2214-45E2-9369-5DB59F6457B9} = {FA4D3BF2-0359-408C-B8CB-6A6A3DCF0D6A}
		{9AE7AC31-5943-4C6A-AC0D-C599CC6B7E72} = {FA4D3BF2-0359-408C-B8CB-6A6A3DCF0D6A}
		{C524C657-8C35-4DEF-B608-8B5C0A003DF8} = {FA4D3BF2-0359-408C-B8CB-6A6A3DCF0D6A}
		{DDD69CB4-6A83-43B0-B481-4A0A08D8FCD5} = {FA4D3BF2-0359-408C-B8CB-6A6A3DCF0D6A}
		{F6351B7A-96BC-4251-82BF-C82136B23A5B} = {FA4D3BF2-0359-408C-B8CB-6A6A3DCF0D6A}
		{3C46E8F6-5831-43BA-BBBE-3C041F4BD7C8} = {FA4D3BF2-0359-408C-B8CB-6A6A3DCF0D6A}
		{13C9CCA9-EC0A-4D76-B5BE-41A9D897C049} = {FA4D3BF2-0359-408C-B8CB-6A6A3DCF0D6A}
		{E3349BEE-2CA2-406E-99FB-24575E21EA18} = {FA4D3BF2-0359-408C-B8CB-6A6A3DCF0D6A}
		{62454EC5-78A4-4AD1-B068-3A7CC3E5CB81} = {FA4D3BF2-0359-408C-B8CB-6A6A3DCF0D6A}
		{02A6F796-D804-41EB-9159-56FC547A6848} = {FA4D3BF2-0359-408C-B8CB-6A6A3DCF0D6A}
		{AA7F8904-047E-42DC-840C-838E7059C37B} = {FA4D3BF2-0359-408C-B8CB-6A6A3DCF0D6A}
		{DD90C65D-6329-4FC4-A72A-72632F706A4A} = {FA4D3BF2-0359-408C-B8CB-6A6A3DCF0D6A}
		{F58FA7EB-8BF3-470E-952F-A2973AF17900} = {FA4D3BF2-0359-408C-B8CB-6A6A3DCF0D6A}
		{4BA3AFD4-3739-41B3-99A3-FFC2F9CBA836} = {FA4D3BF2-0359-408C-B8CB-6A6A3DCF0D6A}
		{2FA40941-9DB6-47D9-9EB8-82C19F9F2E55} = {FA4D3BF2-0359-408C-B8CB-6A6A3DCF0D6A}
		{647804ED-AE5B-4C0A-A36B-DDD456AF67C6} = {FA4D3BF2-0359-408C-B8CB-6A6A3DCF0D6A}
		{1B6B58D0-2C29-4F27-9DA9-65D37CA5F9B3} = {FA4D3BF2-0359-408C-B8CB-6A6A3DCF0D6A}
		{4CFB5920-8A10-42E3-98C5-F47D9F2EE16D} = {FA4D3BF2-0359-408C-B8CB-6A6A3DCF0D6A}
		{B4EC1347-8D10-48B2-B439-F336225FAD15} = {FA4D3BF2-0359-408C-B8CB-6A6A3DCF0D6A}
		{5B411611-5C3B-4A0B-A920-9D68AC67CF6F} = {FA4D3BF2-0359-408C-B8CB-6A6A3DCF0D6A}
		{F5BC68BB-616B-41A2-95C5-C02E78ED4BF1} = {FA4D3BF2-0359-408C-B8CB-6A6A3DCF0D6A}
		{0F284468-E2BC-476B-830B-111055BEC109} = {FA4D3BF2-0359-408C-B8CB-6A6A3DCF0D6A}
		{4A6B2A07-CE91-444A-AD3C-1A1EFD8D61E7} = {FA4D3BF2-0359-408C-B8CB-6A6A3DCF0D6A}
		{9BD00FDF-E573-4941-9657-5DBAC042F139} = {FA4D3BF2-0359-408C-B8CB-6A6A3DCF0D6A}
	EndGlobalSection
	GlobalSection(ExtensibilityGlobals) = postSolution
		SolutionGuid = {13488F06-764F-41D7-9204-3643483C4FC0}
	EndGlobalSection
EndGlobal
